
Microsoft Visual Studio Solution File, Format Version 12.00
# Visual Studio Version 17
VisualStudioVersion = 17.0.32014.148
MinimumVisualStudioVersion = 10.0.40219.1
Project("{FAE04EC0-301F-11D3-BF4B-00C04F79EFBC}") = "SnakeOOP", "SnakeOOP\SnakeOOP.csproj", "{BC01FE3F-6235-41A5-9220-B2EA3077B74A}"
EndProject
Project("{FAE04EC0-301F-11D3-BF4B-00C04F79EFBC}") = "ClassLibrary", "ClassLibrary\ClassLibrary.csproj", "{AA6F8A4C-CE6D-47D8-A2CF-0C4F3BF5D5CA}"
EndProject
Global
	GlobalSection(SolutionConfigurationPlatforms) = preSolution
		Debug|Any CPU = Debug|Any CPU
		Release|Any CPU = Release|Any CPU
	EndGlobalSection
	GlobalSection(ProjectConfigurationPlatforms) = postSolution
		{BC01FE3F-6235-41A5-9220-B2EA3077B74A}.Debug|Any CPU.ActiveCfg = Debug|Any CPU
		{BC01FE3F-6235-41A5-9220-B2EA3077B74A}.Debug|Any CPU.Build.0 = Debug|Any CPU
		{BC01FE3F-6235-41A5-9220-B2EA3077B74A}.Release|Any CPU.ActiveCfg = Release|Any CPU
		{BC01FE3F-6235-41A5-9220-B2EA3077B74A}.Release|Any CPU.Build.0 = Release|Any CPU
		{AA6F8A4C-CE6D-47D8-A2CF-0C4F3BF5D5CA}.Debug|Any CPU.ActiveCfg = Debug|Any CPU
		{AA6F8A4C-CE6D-47D8-A2CF-0C4F3BF5D5CA}.Debug|Any CPU.Build.0 = Debug|Any CPU
		{AA6F8A4C-CE6D-47D8-A2CF-0C4F3BF5D5CA}.Release|Any CPU.ActiveCfg = Release|Any CPU
		{AA6F8A4C-CE6D-47D8-A2CF-0C4F3BF5D5CA}.Release|Any CPU.Build.0 = Release|Any CPU
	EndGlobalSection
	GlobalSection(SolutionProperties) = preSolution
		HideSolutionNode = FALSE
	EndGlobalSection
	GlobalSection(ExtensibilityGlobals) = postSolution
		SolutionGuid = {979A0F37-8B64-42FA-A6AD-C630C5641B24}
	EndGlobalSection
EndGlobal
